
Microsoft Visual Studio Solution File, Format Version 12.00
# Visual Studio 2012
Project("{2150E333-8FDC-42A3-9474-1A3956D46DE8}") = "Release", "Release", "{401B165F-6C92-4D46-8857-498E89A242F9}"
	ProjectSection(SolutionItems) = preProject
		ReleaseLog.txt = ReleaseLog.txt
	EndProjectSection
EndProject
Global
	GlobalSection(SolutionProperties) = preSolution
		HideSolutionNode = FALSE
	EndGlobalSection
EndGlobal
